
Microsoft Visual Studio Solution File, Format Version 12.00
# Visual Studio Version 18
VisualStudioVersion = 18.6.11806.211 stable
MinimumVisualStudioVersion = 10.0.40219.1
Project("{FAE04EC0-301F-11D3-BF4B-00C04F79EFBC}") = "UsovProject", "UsovProject\UsovProject.csproj", "{17A6ED7A-EF2D-46D2-A43F-FCFE9E343854}"
EndProject
Global
	GlobalSection(SolutionConfigurationPlatforms) = preSolution
		Debug|Any CPU = Debug|Any CPU
		Release|Any CPU = Release|Any CPU
	EndGlobalSection
	GlobalSection(ProjectConfigurationPlatforms) = postSolution
		{17A6ED7A-EF2D-46D2-A43F-FCFE9E343854}.Debug|Any CPU.ActiveCfg = Debug|Any CPU
		{17A6ED7A-EF2D-46D2-A43F-FCFE9E343854}.Debug|Any CPU.Build.0 = Debug|Any CPU
		{17A6ED7A-EF2D-46D2-A43F-FCFE9E343854}.Release|Any CPU.ActiveCfg = Release|Any CPU
		{17A6ED7A-EF2D-46D2-A43F-FCFE9E343854}.Release|Any CPU.Build.0 = Release|Any CPU
	EndGlobalSection
	GlobalSection(SolutionProperties) = preSolution
		HideSolutionNode = FALSE
	EndGlobalSection
	GlobalSection(ExtensibilityGlobals) = postSolution
		SolutionGuid = {526DCCB1-3D9E-4447-A55A-79FF4279B1FD}
	EndGlobalSection
EndGlobal
